
Microsoft Visual Studio Solution File, Format Version 12.00
# Visual Studio Version 16
VisualStudioVersion = 16.0.31729.503
MinimumVisualStudioVersion = 10.0.40219.1
Project("{FAE04EC0-301F-11D3-BF4B-00C04F79EFBC}") = "Encapsulation1", "Encapsulation1\Encapsulation1.csproj", "{EA3DE01B-2D2E-4D0C-8158-FC5932505021}"
EndProject
Global
	GlobalSection(SolutionConfigurationPlatforms) = preSolution
		Debug|Any CPU = Debug|Any CPU
		Release|Any CPU = Release|Any CPU
	EndGlobalSection
	GlobalSection(ProjectConfigurationPlatforms) = postSolution
		{EA3DE01B-2D2E-4D0C-8158-FC5932505021}.Debug|Any CPU.ActiveCfg = Debug|Any CPU
		{EA3DE01B-2D2E-4D0C-8158-FC5932505021}.Debug|Any CPU.Build.0 = Debug|Any CPU
		{EA3DE01B-2D2E-4D0C-8158-FC5932505021}.Release|Any CPU.ActiveCfg = Release|Any CPU
		{EA3DE01B-2D2E-4D0C-8158-FC5932505021}.Release|Any CPU.Build.0 = Release|Any CPU
	EndGlobalSection
	GlobalSection(SolutionProperties) = preSolution
		HideSolutionNode = FALSE
	EndGlobalSection
	GlobalSection(ExtensibilityGlobals) = postSolution
		SolutionGuid = {EBA9D09F-2CC2-4A8B-B869-8323E2209CC7}
	EndGlobalSection
EndGlobal
